
Microsoft Visual Studio Solution File, Format Version 12.00
# Visual Studio Version 17
VisualStudioVersion = 17.5.002.0
MinimumVisualStudioVersion = 10.0.40219.1
Project("{9A19103F-16F7-4668-BE54-9A1E7A4F7556}") = "Cliente", "Cliente\Cliente.csproj", "{D06A1144-D315-4FD3-89C3-C3ED04E42463}"
EndProject
Project("{9A19103F-16F7-4668-BE54-9A1E7A4F7556}") = "Servidor", "Servidor\Servidor.csproj", "{0E79E95C-FC44-44E5-8ED8-882E567617B2}"
EndProject
Global
	GlobalSection(SolutionConfigurationPlatforms) = preSolution
		Debug|Any CPU = Debug|Any CPU
		Release|Any CPU = Release|Any CPU
	EndGlobalSection
	GlobalSection(ProjectConfigurationPlatforms) = postSolution
		{D06A1144-D315-4FD3-89C3-C3ED04E42463}.Debug|Any CPU.ActiveCfg = Debug|Any CPU
		{D06A1144-D315-4FD3-89C3-C3ED04E42463}.Debug|Any CPU.Build.0 = Debug|Any CPU
		{D06A1144-D315-4FD3-89C3-C3ED04E42463}.Release|Any CPU.ActiveCfg = Release|Any CPU
		{D06A1144-D315-4FD3-89C3-C3ED04E42463}.Release|Any CPU.Build.0 = Release|Any CPU
		{0E79E95C-FC44-44E5-8ED8-882E567617B2}.Debug|Any CPU.ActiveCfg = Debug|Any CPU
		{0E79E95C-FC44-44E5-8ED8-882E567617B2}.Debug|Any CPU.Build.0 = Debug|Any CPU
		{0E79E95C-FC44-44E5-8ED8-882E567617B2}.Release|Any CPU.ActiveCfg = Release|Any CPU
		{0E79E95C-FC44-44E5-8ED8-882E567617B2}.Release|Any CPU.Build.0 = Release|Any CPU
	EndGlobalSection
	GlobalSection(SolutionProperties) = preSolution
		HideSolutionNode = FALSE
	EndGlobalSection
	GlobalSection(ExtensibilityGlobals) = postSolution
		SolutionGuid = {FD9D008E-86A1-4605-A3E0-A3C78A67FAAA}
	EndGlobalSection
EndGlobal
